{
  "version": "4",
  "specifiers": {
    "jsr:@hono/hono@^4.6.12": "4.6.12",
    "jsr:@std/assert@1": "1.0.8",
    "jsr:@std/fmt@^1.0.3": "1.0.3",
    "jsr:@std/internal@^1.0.5": "1.0.5",
    "jsr:@std/path@*": "1.0.8",
    "npm:@inquirer/prompts@*": "7.1.0_@types+node@22.5.4",
    "npm:@inquirer/prompts@^7.1.0": "7.1.0_@types+node@22.5.4",
    "npm:@types/node@*": "22.5.4",
    "npm:chalk@*": "5.3.0",
    "npm:chalk@^5.3.0": "5.3.0",
    "npm:clak@*": "1.0.2",
    "npm:cli-table3@*": "0.6.5",
    "npm:cli-table3@~0.6.5": "0.6.5",
    "npm:commander@*": "12.1.0",
    "npm:commander@^12.1.0": "12.1.0",
    "npm:conf@*": "13.0.1_ajv@8.17.1",
    "npm:conf@^13.0.1": "13.0.1_ajv@8.17.1",
    "npm:consola@*": "3.2.3",
    "npm:consola@^3.2.3": "3.2.3",
    "npm:fig@*": "1.0.0",
    "npm:figlet@*": "1.8.0",
    "npm:figlet@^1.8.0": "1.8.0",
    "npm:gradient-string@*": "3.0.0",
    "npm:gradient-string@3": "3.0.0",
    "npm:uuid@*": "11.0.3",
    "npm:uuid@^11.0.3": "11.0.3"
  },
  "jsr": {
    "@hono/hono@4.6.12": {
      "integrity": "fa0b97fa7c3292f0d9957109ac07a475fe485868795b71b8e3114c284152cdb5"
    },
    "@std/assert@1.0.8": {
      "integrity": "ebe0bd7eb488ee39686f77003992f389a06c3da1bbd8022184804852b2fa641b",
      "dependencies": [
        "jsr:@std/internal"
      ]
    },
    "@std/fmt@1.0.3": {
      "integrity": "97765c16aa32245ff4e2204ecf7d8562496a3cb8592340a80e7e554e0bb9149f"
    },
    "@std/internal@1.0.5": {
      "integrity": "54a546004f769c1ac9e025abd15a76b6671ddc9687e2313b67376125650dc7ba"
    },
    "@std/path@1.0.8": {
      "integrity": "548fa456bb6a04d3c1a1e7477986b6cffbce95102d0bb447c67c4ee70e0364be"
    }
  },
  "npm": {
    "@colors/colors@1.5.0": {
      "integrity": "sha512-ooWCrlZP11i8GImSjTHYHLkvFDP48nS4+204nGb1RiX/WXYHmJA2III9/e2DWVabCESdW7hBAEzHRqUn9OUVvQ=="
    },
    "@inquirer/checkbox@4.0.2_@types+node@22.5.4": {
      "integrity": "sha512-+gznPl8ip8P8HYHYecDtUtdsh1t2jvb+sWCD72GAiZ9m45RqwrLmReDaqdC0umQfamtFXVRoMVJ2/qINKGm9Tg==",
      "dependencies": [
        "@inquirer/core",
        "@inquirer/figures",
        "@inquirer/type",
        "@types/node",
        "ansi-escapes",
        "yoctocolors-cjs"
      ]
    },
    "@inquirer/confirm@5.0.2_@types+node@22.5.4": {
      "integrity": "sha512-KJLUHOaKnNCYzwVbryj3TNBxyZIrr56fR5N45v6K9IPrbT6B7DcudBMfylkV1A8PUdJE15mybkEQyp2/ZUpxUA==",
      "dependencies": [
        "@inquirer/core",
        "@inquirer/type",
        "@types/node"
      ]
    },
    "@inquirer/core@10.1.0_@types+node@22.5.4": {
      "integrity": "sha512-I+ETk2AL+yAVbvuKx5AJpQmoaWhpiTFOg/UJb7ZkMAK4blmtG8ATh5ct+T/8xNld0CZG/2UhtkdMwpgvld92XQ==",
      "dependencies": [
        "@inquirer/figures",
        "@inquirer/type",
        "ansi-escapes",
        "cli-width",
        "mute-stream",
        "signal-exit",
        "strip-ansi",
        "wrap-ansi",
        "yoctocolors-cjs"
      ]
    },
    "@inquirer/editor@4.1.0_@types+node@22.5.4": {
      "integrity": "sha512-K1gGWsxEqO23tVdp5MT3H799OZ4ER1za7Dlc8F4um0W7lwSv0KGR/YyrUEyimj0g7dXZd8XknM/5QA2/Uy+TbA==",
      "dependencies": [
        "@inquirer/core",
        "@inquirer/type",
        "@types/node",
        "external-editor"
      ]
    },
    "@inquirer/expand@4.0.2_@types+node@22.5.4": {
      "integrity": "sha512-WdgCX1cUtinz+syKyZdJomovULYlKUWZbVYZzhf+ZeeYf4htAQ3jLymoNs3koIAKfZZl3HUBb819ClCBfyznaw==",
      "dependencies": [
        "@inquirer/core",
        "@inquirer/type",
        "@types/node",
        "yoctocolors-cjs"
      ]
    },
    "@inquirer/figures@1.0.8": {
      "integrity": "sha512-tKd+jsmhq21AP1LhexC0pPwsCxEhGgAkg28byjJAd+xhmIs8LUX8JbUc3vBf3PhLxWiB5EvyBE5X7JSPAqMAqg=="
    },
    "@inquirer/input@4.0.2_@types+node@22.5.4": {
      "integrity": "sha512-yCLCraigU085EcdpIVEDgyfGv4vBiE4I+k1qRkc9C5dMjWF42ADMGy1RFU94+eZlz4YlkmFsiyHZy0W1wdhaNg==",
      "dependencies": [
        "@inquirer/core",
        "@inquirer/type",
        "@types/node"
      ]
    },
    "@inquirer/number@3.0.2_@types+node@22.5.4": {
      "integrity": "sha512-MKQhYofdUNk7eqJtz52KvM1dH6R93OMrqHduXCvuefKrsiMjHiMwjc3NZw5Imm2nqY7gWd9xdhYrtcHMJQZUxA==",
      "dependencies": [
        "@inquirer/core",
        "@inquirer/type",
        "@types/node"
      ]
    },
    "@inquirer/password@4.0.2_@types+node@22.5.4": {
      "integrity": "sha512-tQXGSu7IO07gsYlGy3VgXRVsbOWqFBMbqAUrJSc1PDTQQ5Qdm+QVwkP0OC0jnUZ62D19iPgXOMO+tnWG+HhjNQ==",
      "dependencies": [
        "@inquirer/core",
        "@inquirer/type",
        "@types/node",
        "ansi-escapes"
      ]
    },
    "@inquirer/prompts@7.1.0_@types+node@22.5.4": {
      "integrity": "sha512-5U/XiVRH2pp1X6gpNAjWOglMf38/Ys522ncEHIKT1voRUvSj/DQnR22OVxHnwu5S+rCFaUiPQ57JOtMFQayqYA==",
      "dependencies": [
        "@inquirer/checkbox",
        "@inquirer/confirm",
        "@inquirer/editor",
        "@inquirer/expand",
        "@inquirer/input",
        "@inquirer/number",
        "@inquirer/password",
        "@inquirer/rawlist",
        "@inquirer/search",
        "@inquirer/select",
        "@types/node"
      ]
    },
    "@inquirer/rawlist@4.0.2_@types+node@22.5.4": {
      "integrity": "sha512-3XGcskMoVF8H0Dl1S5TSZ3rMPPBWXRcM0VeNVsS4ByWeWjSeb0lPqfnBg6N7T0608I1B2bSVnbi2cwCrmOD1Yw==",
      "dependencies": [
        "@inquirer/core",
        "@inquirer/type",
        "@types/node",
        "yoctocolors-cjs"
      ]
    },
    "@inquirer/search@3.0.2_@types+node@22.5.4": {
      "integrity": "sha512-Zv4FC7w4dJ13BOJfKRQCICQfShinGjb1bCEIHxTSnjj2telu3+3RHwHubPG9HyD4aix5s+lyAMEK/wSFD75HLA==",
      "dependencies": [
        "@inquirer/core",
        "@inquirer/figures",
        "@inquirer/type",
        "@types/node",
        "yoctocolors-cjs"
      ]
    },
    "@inquirer/select@4.0.2_@types+node@22.5.4": {
      "integrity": "sha512-uSWUzaSYAEj0hlzxa1mUB6VqrKaYx0QxGBLZzU4xWFxaSyGaXxsSE4OSOwdU24j0xl8OajgayqFXW0l2bkl2kg==",
      "dependencies": [
        "@inquirer/core",
        "@inquirer/figures",
        "@inquirer/type",
        "@types/node",
        "ansi-escapes",
        "yoctocolors-cjs"
      ]
    },
    "@inquirer/type@3.0.1_@types+node@22.5.4": {
      "integrity": "sha512-+ksJMIy92sOAiAccGpcKZUc3bYO07cADnscIxHBknEm3uNts3movSmBofc1908BNy5edKscxYeAdaX1NXkHS6A==",
      "dependencies": [
        "@types/node"
      ]
    },
    "@types/node@22.5.4": {
      "integrity": "sha512-FDuKUJQm/ju9fT/SeX/6+gBzoPzlVCzfzmGkwKvRHQVxi4BntVbyIwf6a4Xn62mrvndLiml6z/UBXIdEVjQLXg==",
      "dependencies": [
        "undici-types"
      ]
    },
    "@types/tinycolor2@1.4.6": {
      "integrity": "sha512-iEN8J0BoMnsWBqjVbWH/c0G0Hh7O21lpR2/+PrvAVgWdzL7eexIFm4JN/Wn10PTcmNdtS6U67r499mlWMXOxNw=="
    },
    "ajv-formats@3.0.1_ajv@8.17.1": {
      "integrity": "sha512-8iUql50EUR+uUcdRQ3HDqa6EVyo3docL8g5WJ3FNcWmu62IbkGUue/pEyLBW8VGKKucTPgqeks4fIU1DA4yowQ==",
      "dependencies": [
        "ajv"
      ]
    },
    "ajv@8.17.1": {
      "integrity": "sha512-B/gBuNg5SiMTrPkC+A2+cW0RszwxYmn6VYxB/inlBStS5nx6xHIt/ehKRhIMhqusl7a8LjQoZnjCs5vhwxOQ1g==",
      "dependencies": [
        "fast-deep-equal",
        "fast-uri",
        "json-schema-traverse",
        "require-from-string"
      ]
    },
    "ansi-escapes@4.3.2": {
      "integrity": "sha512-gKXj5ALrKWQLsYG9jlTRmR/xKluxHV+Z9QEwNIgCfM1/uwPMCuzVVnh5mwTd+OuBZcwSIMbqssNWRm1lE51QaQ==",
      "dependencies": [
        "type-fest@0.21.3"
      ]
    },
    "ansi-regex@5.0.1": {
      "integrity": "sha512-quJQXlTSUGL2LH9SUXo8VwsY4soanhgo6LNSm84E1LBcE8s3O0wpdiRzyR9z/ZZJMlMWv37qOOb9pdJlMUEKFQ=="
    },
    "ansi-styles@4.3.0": {
      "integrity": "sha512-zbB9rCJAT1rbjiVDb2hqKFHNYLxgtk8NURxZ3IZwD3F6NtxbXZQCnnSi1Lkx+IDohdPlFp222wVALIheZJQSEg==",
      "dependencies": [
        "color-convert"
      ]
    },
    "atomically@2.0.3": {
      "integrity": "sha512-kU6FmrwZ3Lx7/7y3hPS5QnbJfaohcIul5fGqf7ok+4KklIEk9tJ0C2IQPdacSbVUWv6zVHXEBWoWd6NrVMT7Cw==",
      "dependencies": [
        "stubborn-fs",
        "when-exit"
      ]
    },
    "chalk@5.3.0": {
      "integrity": "sha512-dLitG79d+GV1Nb/VYcCDFivJeK1hiukt9QjRNVOsUtTy1rR1YJsmpGGTZ3qJos+uw7WmWF4wUwBd9jxjocFC2w=="
    },
    "chardet@0.7.0": {
      "integrity": "sha512-mT8iDcrh03qDGRRmoA2hmBJnxpllMR+0/0qlzjqZES6NdiWDcZkCNAk4rPFZ9Q85r27unkiNNg8ZOiwZXBHwcA=="
    },
    "clak@1.0.2": {
      "integrity": "sha512-FieDPDpZrBxH6JosZZrocfUf2tPA7IiTslyXdbnJAt0ALlwkKOXcg8gG5rSOTisrBBfjmD6ggEK66P+nypfGBg=="
    },
    "cli-table3@0.6.5": {
      "integrity": "sha512-+W/5efTR7y5HRD7gACw9yQjqMVvEMLBHmboM/kPWam+H+Hmyrgjh6YncVKK122YZkXrLudzTuAukUw9FnMf7IQ==",
      "dependencies": [
        "@colors/colors",
        "string-width"
      ]
    },
    "cli-width@4.1.0": {
      "integrity": "sha512-ouuZd4/dm2Sw5Gmqy6bGyNNNe1qt9RpmxveLSO7KcgsTnU7RXfsw+/bukWGo1abgBiMAic068rclZsO4IWmmxQ=="
    },
    "color-convert@2.0.1": {
      "integrity": "sha512-RRECPsj7iu/xb5oKYcsFHSppFNnsj/52OVTRKb4zP5onXwVF3zVmmToNcOfGC+CRDpfK/U584fMg38ZHCaElKQ==",
      "dependencies": [
        "color-name"
      ]
    },
    "color-name@1.1.4": {
      "integrity": "sha512-dOy+3AuW3a2wNbZHIuMZpTcgjGuLU/uBL/ubcZF9OXbDo8ff4O8yVp5Bf0efS8uEoYo5q4Fx7dY9OgQGXgAsQA=="
    },
    "commander@12.1.0": {
      "integrity": "sha512-Vw8qHK3bZM9y/P10u3Vib8o/DdkvA2OtPtZvD871QKjy74Wj1WSKFILMPRPSdUSx5RFK1arlJzEtA4PkFgnbuA=="
    },
    "conf@13.0.1_ajv@8.17.1": {
      "integrity": "sha512-l9Uwc9eOnz39oADzGO2cSBDi7siv8lwO+31ocQ2nOJijnDiW3pxqm9VV10DPYUO28wW83DjABoUqY1nfHRR2hQ==",
      "dependencies": [
        "ajv",
        "ajv-formats",
        "atomically",
        "debounce-fn",
        "dot-prop",
        "env-paths",
        "json-schema-typed",
        "semver",
        "uint8array-extras"
      ]
    },
    "consola@3.2.3": {
      "integrity": "sha512-I5qxpzLv+sJhTVEoLYNcTW+bThDCPsit0vLNKShZx6rLtpilNpmmeTPaeqJb9ZE9dV3DGaeby6Vuhrw38WjeyQ=="
    },
    "debounce-fn@6.0.0": {
      "integrity": "sha512-rBMW+F2TXryBwB54Q0d8drNEI+TfoS9JpNTAoVpukbWEhjXQq4rySFYLaqXMFXwdv61Zb2OHtj5bviSoimqxRQ==",
      "dependencies": [
        "mimic-function"
      ]
    },
    "dot-prop@9.0.0": {
      "integrity": "sha512-1gxPBJpI/pcjQhKgIU91II6Wkay+dLcN3M6rf2uwP8hRur3HtQXjVrdAK3sjC0piaEuxzMwjXChcETiJl47lAQ==",
      "dependencies": [
        "type-fest@4.28.1"
      ]
    },
    "emoji-regex@8.0.0": {
      "integrity": "sha512-MSjYzcWNOA0ewAHpz0MxpYFvwg6yjy1NG3xteoqz644VCo/RPgnr1/GGt+ic3iJTzQ8Eu3TdM14SawnVUmGE6A=="
    },
    "env-paths@3.0.0": {
      "integrity": "sha512-dtJUTepzMW3Lm/NPxRf3wP4642UWhjL2sQxc+ym2YMj1m/H2zDNQOlezafzkHwn6sMstjHTwG6iQQsctDW/b1A=="
    },
    "external-editor@3.1.0": {
      "integrity": "sha512-hMQ4CX1p1izmuLYyZqLMO/qGNw10wSv9QDCPfzXfyFrOaCSSoRfqE1Kf1s5an66J5JZC62NewG+mK49jOCtQew==",
      "dependencies": [
        "chardet",
        "iconv-lite",
        "tmp"
      ]
    },
    "fast-deep-equal@3.1.3": {
      "integrity": "sha512-f3qQ9oQy9j2AhBe/H9VC91wLmKBCCU/gDOnKNAYG5hswO7BLKj09Hc5HYNz9cGI++xlpDCIgDaitVs03ATR84Q=="
    },
    "fast-uri@3.0.3": {
      "integrity": "sha512-aLrHthzCjH5He4Z2H9YZ+v6Ujb9ocRuW6ZzkJQOrTxleEijANq4v1TsaPaVG1PZcuurEzrLcWRyYBYXD5cEiaw=="
    },
    "fig@1.0.0": {
      "integrity": "sha512-YzXHblB7ZWCEf2wXNRcmmwxeP3ZvNVRW0D+cTJVh/GM4o4GjsZKXPsooDzrm0A0D75roaFWRr9hUJxyw45YT9g=="
    },
    "figlet@1.8.0": {
      "integrity": "sha512-chzvGjd+Sp7KUvPHZv6EXV5Ir3Q7kYNpCr4aHrRW79qFtTefmQZNny+W1pW9kf5zeE6dikku2W50W/wAH2xWgw=="
    },
    "gradient-string@3.0.0": {
      "integrity": "sha512-frdKI4Qi8Ihp4C6wZNB565de/THpIaw3DjP5ku87M+N9rNSGmPTjfkq61SdRXB7eCaL8O1hkKDvf6CDMtOzIAg==",
      "dependencies": [
        "chalk",
        "tinygradient"
      ]
    },
    "iconv-lite@0.4.24": {
      "integrity": "sha512-v3MXnZAcvnywkTUEZomIActle7RXXeedOR31wwl7VlyoXO4Qi9arvSenNQWne1TcRwhCL1HwLI21bEqdpj8/rA==",
      "dependencies": [
        "safer-buffer"
      ]
    },
    "is-fullwidth-code-point@3.0.0": {
      "integrity": "sha512-zymm5+u+sCsSWyD9qNaejV3DFvhCKclKdizYaJUuHA83RLjb7nSuGnddCHGv0hk+KY7BMAlsWeK4Ueg6EV6XQg=="
    },
    "json-schema-traverse@1.0.0": {
      "integrity": "sha512-NM8/P9n3XjXhIZn1lLhkFaACTOURQXjWhV4BA/RnOv8xvgqtqpAX9IO4mRQxSx1Rlo4tqzeqb0sOlruaOy3dug=="
    },
    "json-schema-typed@8.0.1": {
      "integrity": "sha512-XQmWYj2Sm4kn4WeTYvmpKEbyPsL7nBsb647c7pMe6l02/yx2+Jfc4dT6UZkEXnIUb5LhD55r2HPsJ1milQ4rDg=="
    },
    "mimic-function@5.0.1": {
      "integrity": "sha512-VP79XUPxV2CigYP3jWwAUFSku2aKqBH7uTAapFWCBqutsbmDo96KY5o8uh6U+/YSIn5OxJnXp73beVkpqMIGhA=="
    },
    "mute-stream@2.0.0": {
      "integrity": "sha512-WWdIxpyjEn+FhQJQQv9aQAYlHoNVdzIzUySNV1gHUPDSdZJ3yZn7pAAbQcV7B56Mvu881q9FZV+0Vx2xC44VWA=="
    },
    "os-tmpdir@1.0.2": {
      "integrity": "sha512-D2FR03Vir7FIu45XBY20mTb+/ZSWB00sjU9jdQXt83gDrI4Ztz5Fs7/yy74g2N5SVQY4xY1qDr4rNddwYRVX0g=="
    },
    "require-from-string@2.0.2": {
      "integrity": "sha512-Xf0nWe6RseziFMu+Ap9biiUbmplq6S9/p+7w7YXP/JBHhrUDDUhwa+vANyubuqfZWTveU//DYVGsDG7RKL/vEw=="
    },
    "safer-buffer@2.1.2": {
      "integrity": "sha512-YZo3K82SD7Riyi0E1EQPojLz7kpepnSQI9IyPbHHg1XXXevb5dJI7tpyN2ADxGcQbHG7vcyRHk0cbwqcQriUtg=="
    },
    "semver@7.6.3": {
      "integrity": "sha512-oVekP1cKtI+CTDvHWYFUcMtsK/00wmAEfyqKfNdARm8u1wNVhSgaX7A8d4UuIlUI5e84iEwOhs7ZPYRmzU9U6A=="
    },
    "signal-exit@4.1.0": {
      "integrity": "sha512-bzyZ1e88w9O1iNJbKnOlvYTrWPDl46O1bG0D3XInv+9tkPrxrN8jUUTiFlDkkmKWgn1M6CfIA13SuGqOa9Korw=="
    },
    "string-width@4.2.3": {
      "integrity": "sha512-wKyQRQpjJ0sIp62ErSZdGsjMJWsap5oRNihHhu6G7JVO/9jIB6UyevL+tXuOqrng8j/cxKTWyWUwvSTriiZz/g==",
      "dependencies": [
        "emoji-regex",
        "is-fullwidth-code-point",
        "strip-ansi"
      ]
    },
    "strip-ansi@6.0.1": {
      "integrity": "sha512-Y38VPSHcqkFrCpFnQ9vuSXmquuv5oXOKpGeT6aGrr3o3Gc9AlVa6JBfUSOCnbxGGZF+/0ooI7KrPuUSztUdU5A==",
      "dependencies": [
        "ansi-regex"
      ]
    },
    "stubborn-fs@1.2.5": {
      "integrity": "sha512-H2N9c26eXjzL/S/K+i/RHHcFanE74dptvvjM8iwzwbVcWY/zjBbgRqF3K0DY4+OD+uTTASTBvDoxPDaPN02D7g=="
    },
    "tinycolor2@1.6.0": {
      "integrity": "sha512-XPaBkWQJdsf3pLKJV9p4qN/S+fm2Oj8AIPo1BTUhg5oxkvm9+SVEGFdhyOz7tTdUTfvxMiAs4sp6/eZO2Ew+pw=="
    },
    "tinygradient@1.1.5": {
      "integrity": "sha512-8nIfc2vgQ4TeLnk2lFj4tRLvvJwEfQuabdsmvDdQPT0xlk9TaNtpGd6nNRxXoK6vQhN6RSzj+Cnp5tTQmpxmbw==",
      "dependencies": [
        "@types/tinycolor2",
        "tinycolor2"
      ]
    },
    "tmp@0.0.33": {
      "integrity": "sha512-jRCJlojKnZ3addtTOjdIqoRuPEKBvNXcGYqzO6zWZX8KfKEpnGY5jfggJQ3EjKuu8D4bJRr0y+cYJFmYbImXGw==",
      "dependencies": [
        "os-tmpdir"
      ]
    },
    "type-fest@0.21.3": {
      "integrity": "sha512-t0rzBq87m3fVcduHDUFhKmyyX+9eo6WQjZvf51Ea/M0Q7+T374Jp1aUiyUl0GKxp8M/OETVHSDvmkyPgvX+X2w=="
    },
    "type-fest@4.28.1": {
      "integrity": "sha512-LO/+yb3mf46YqfUC7QkkoAlpa7CTYh//V1Xy9+NQ+pKqDqXIq0NTfPfQRwFfCt+if4Qkwb9gzZfsl6E5TkXZGw=="
    },
    "uint8array-extras@1.4.0": {
      "integrity": "sha512-ZPtzy0hu4cZjv3z5NW9gfKnNLjoz4y6uv4HlelAjDK7sY/xOkKZv9xK/WQpcsBB3jEybChz9DPC2U/+cusjJVQ=="
    },
    "undici-types@6.19.8": {
      "integrity": "sha512-ve2KP6f/JnbPBFyobGHuerC9g1FYGn/F8n1LWTwNxCEzd6IfqTwUQcNXgEtmmQ6DlRrC1hrSrBnCZPokRrDHjw=="
    },
    "uuid@11.0.3": {
      "integrity": "sha512-d0z310fCWv5dJwnX1Y/MncBAqGMKEzlBb1AOf7z9K8ALnd0utBX/msg/fA0+sbyN1ihbMsLhrBlnl1ak7Wa0rg=="
    },
    "when-exit@2.1.3": {
      "integrity": "sha512-uVieSTccFIr/SFQdFWN/fFaQYmV37OKtuaGphMAzi4DmmUlrvRBJW5WSLkHyjNQY/ePJMz3LoiX9R3yy1Su6Hw=="
    },
    "wrap-ansi@6.2.0": {
      "integrity": "sha512-r6lPcBGxZXlIcymEu7InxDMhdW0KDxpLgoFLcguasxCaJ/SOIZwINatK9KY/tf+ZrlywOKU0UDj3ATXUBfxJXA==",
      "dependencies": [
        "ansi-styles",
        "string-width",
        "strip-ansi"
      ]
    },
    "yoctocolors-cjs@2.1.2": {
      "integrity": "sha512-cYVsTjKl8b+FrnidjibDWskAv7UKOfcwaVZdp/it9n1s9fU3IkgDbhdIRKCW4JDsAlECJY0ytoVPT3sK6kideA=="
    }
  },
  "workspace": {
    "dependencies": [
      "jsr:@hono/hono@^4.6.12",
      "jsr:@std/assert@1",
      "jsr:@std/fmt@^1.0.3",
      "npm:@inquirer/prompts@^7.1.0",
      "npm:cli-table3@~0.6.5",
      "npm:commander@^12.1.0",
      "npm:conf@^13.0.1",
      "npm:consola@^3.2.3",
      "npm:figlet@^1.8.0",
      "npm:gradient-string@3",
      "npm:uuid@^11.0.3"
    ]
  }
}
